
Microsoft Visual Studio Solution File, Format Version 12.00
# Visual Studio Version 16
VisualStudioVersion = 16.0.30907.101
MinimumVisualStudioVersion = 10.0.40219.1
Project("{9A19103F-16F7-4668-BE54-9A1E7A4F7556}") = "ConsoleUI", "ConsoleUI\ConsoleUI.csproj", "{B6736654-4977-41CE-BFDA-B487F6CEDB29}"
EndProject
Project("{9A19103F-16F7-4668-BE54-9A1E7A4F7556}") = "Entities", "Entities\Entities.csproj", "{B0747FBC-8258-43F2-8D77-56535BCD61C1}"
EndProject
Project("{9A19103F-16F7-4668-BE54-9A1E7A4F7556}") = "DataAccess", "DataAccess\DataAccess.csproj", "{846C2788-546E-4EFD-B565-ACF41EEEDF92}"
EndProject
Project("{9A19103F-16F7-4668-BE54-9A1E7A4F7556}") = "Business", "Business\Business.csproj", "{9A659911-62FD-41CC-B397-BAE28723AA60}"
EndProject
Project("{9A19103F-16F7-4668-BE54-9A1E7A4F7556}") = "Core", "..\FinalProject\Core\Core.csproj", "{70409A8F-9D10-42A7-8322-1888F7BC1663}"
EndProject
Global
	GlobalSection(SolutionConfigurationPlatforms) = preSolution
		Debug|Any CPU = Debug|Any CPU
		Release|Any CPU = Release|Any CPU
	EndGlobalSection
	GlobalSection(ProjectConfigurationPlatforms) = postSolution
		{B6736654-4977-41CE-BFDA-B487F6CEDB29}.Debug|Any CPU.ActiveCfg = Debug|Any CPU
		{B6736654-4977-41CE-BFDA-B487F6CEDB29}.Debug|Any CPU.Build.0 = Debug|Any CPU
		{B6736654-4977-41CE-BFDA-B487F6CEDB29}.Release|Any CPU.ActiveCfg = Release|Any CPU
		{B6736654-4977-41CE-BFDA-B487F6CEDB29}.Release|Any CPU.Build.0 = Release|Any CPU
		{B0747FBC-8258-43F2-8D77-56535BCD61C1}.Debug|Any CPU.ActiveCfg = Debug|Any CPU
		{B0747FBC-8258-43F2-8D77-56535BCD61C1}.Debug|Any CPU.Build.0 = Debug|Any CPU
		{B0747FBC-8258-43F2-8D77-56535BCD61C1}.Release|Any CPU.ActiveCfg = Release|Any CPU
		{B0747FBC-8258-43F2-8D77-56535BCD61C1}.Release|Any CPU.Build.0 = Release|Any CPU
		{846C2788-546E-4EFD-B565-ACF41EEEDF92}.Debug|Any CPU.ActiveCfg = Debug|Any CPU
		{846C2788-546E-4EFD-B565-ACF41EEEDF92}.Debug|Any CPU.Build.0 = Debug|Any CPU
		{846C2788-546E-4EFD-B565-ACF41EEEDF92}.Release|Any CPU.ActiveCfg = Release|Any CPU
		{846C2788-546E-4EFD-B565-ACF41EEEDF92}.Release|Any CPU.Build.0 = Release|Any CPU
		{9A659911-62FD-41CC-B397-BAE28723AA60}.Debug|Any CPU.ActiveCfg = Debug|Any CPU
		{9A659911-62FD-41CC-B397-BAE28723AA60}.Debug|Any CPU.Build.0 = Debug|Any CPU
		{9A659911-62FD-41CC-B397-BAE28723AA60}.Release|Any CPU.ActiveCfg = Release|Any CPU
		{9A659911-62FD-41CC-B397-BAE28723AA60}.Release|Any CPU.Build.0 = Release|Any CPU
		{70409A8F-9D10-42A7-8322-1888F7BC1663}.Debug|Any CPU.ActiveCfg = Debug|Any CPU
		{70409A8F-9D10-42A7-8322-1888F7BC1663}.Debug|Any CPU.Build.0 = Debug|Any CPU
		{70409A8F-9D10-42A7-8322-1888F7BC1663}.Release|Any CPU.ActiveCfg = Release|Any CPU
		{70409A8F-9D10-42A7-8322-1888F7BC1663}.Release|Any CPU.Build.0 = Release|Any CPU
	EndGlobalSection
	GlobalSection(SolutionProperties) = preSolution
		HideSolutionNode = FALSE
	EndGlobalSection
	GlobalSection(ExtensibilityGlobals) = postSolution
		SolutionGuid = {53CD5BF2-55EC-4994-B090-68DA20BBA66F}
	EndGlobalSection
EndGlobal
